
Microsoft Visual Studio Solution File, Format Version 12.00
# Visual Studio Version 16
VisualStudioVersion = 16.0.31911.196
MinimumVisualStudioVersion = 10.0.40219.1
Project("{FAE04EC0-301F-11D3-BF4B-00C04F79EFBC}") = "EditorTutorial.Android", "EditorTutorial.Android\EditorTutorial.Android.csproj", "{50A28147-4FF5-4E22-B757-419269ECCCA6}"
EndProject
Project("{FAE04EC0-301F-11D3-BF4B-00C04F79EFBC}") = "EditorTutorial", "EditorTutorial\EditorTutorial.csproj", "{093E79E0-08F7-47F9-9155-4D4210BFE229}"
EndProject
Global
	GlobalSection(SolutionConfigurationPlatforms) = preSolution
		Debug|Any CPU = Debug|Any CPU
		Release|Any CPU = Release|Any CPU
	EndGlobalSection
	GlobalSection(ProjectConfigurationPlatforms) = postSolution
		{50A28147-4FF5-4E22-B757-419269ECCCA6}.Debug|Any CPU.ActiveCfg = Debug|Any CPU
		{50A28147-4FF5-4E22-B757-419269ECCCA6}.Debug|Any CPU.Build.0 = Debug|Any CPU
		{50A28147-4FF5-4E22-B757-419269ECCCA6}.Debug|Any CPU.Deploy.0 = Debug|Any CPU
		{50A28147-4FF5-4E22-B757-419269ECCCA6}.Release|Any CPU.ActiveCfg = Release|Any CPU
		{50A28147-4FF5-4E22-B757-419269ECCCA6}.Release|Any CPU.Build.0 = Release|Any CPU
		{50A28147-4FF5-4E22-B757-419269ECCCA6}.Release|Any CPU.Deploy.0 = Release|Any CPU
		{093E79E0-08F7-47F9-9155-4D4210BFE229}.Debug|Any CPU.ActiveCfg = Debug|Any CPU
		{093E79E0-08F7-47F9-9155-4D4210BFE229}.Debug|Any CPU.Build.0 = Debug|Any CPU
		{093E79E0-08F7-47F9-9155-4D4210BFE229}.Debug|Any CPU.Deploy.0 = Debug|Any CPU
		{093E79E0-08F7-47F9-9155-4D4210BFE229}.Release|Any CPU.ActiveCfg = Release|Any CPU
		{093E79E0-08F7-47F9-9155-4D4210BFE229}.Release|Any CPU.Build.0 = Release|Any CPU
		{093E79E0-08F7-47F9-9155-4D4210BFE229}.Release|Any CPU.Deploy.0 = Release|Any CPU
	EndGlobalSection
	GlobalSection(SolutionProperties) = preSolution
		HideSolutionNode = FALSE
	EndGlobalSection
	GlobalSection(ExtensibilityGlobals) = postSolution
		SolutionGuid = {3ED83B88-EBD5-4F16-A907-CF361BCEA181}
	EndGlobalSection
EndGlobal
